
Microsoft Visual Studio Solution File, Format Version 12.00
# Visual Studio Version 16
VisualStudioVersion = 16.0.30717.126
MinimumVisualStudioVersion = 10.0.40219.1
Project("{FAE04EC0-301F-11D3-BF4B-00C04F79EFBC}") = "FibonacciBase", "FibonacciBase\FibonacciBase.csproj", "{80F2DB36-8E2C-42A1-9506-8735FF64B425}"
EndProject
Project("{FAE04EC0-301F-11D3-BF4B-00C04F79EFBC}") = "FibonacciTest", "FibonacciTest\FibonacciTest.csproj", "{5ABC2725-CF9E-41F2-BFE8-4C4F39D95A24}"
EndProject
Global
	GlobalSection(SolutionConfigurationPlatforms) = preSolution
		Debug|Any CPU = Debug|Any CPU
		Release|Any CPU = Release|Any CPU
	EndGlobalSection
	GlobalSection(ProjectConfigurationPlatforms) = postSolution
		{80F2DB36-8E2C-42A1-9506-8735FF64B425}.Debug|Any CPU.ActiveCfg = Debug|Any CPU
		{80F2DB36-8E2C-42A1-9506-8735FF64B425}.Debug|Any CPU.Build.0 = Debug|Any CPU
		{80F2DB36-8E2C-42A1-9506-8735FF64B425}.Release|Any CPU.ActiveCfg = Release|Any CPU
		{80F2DB36-8E2C-42A1-9506-8735FF64B425}.Release|Any CPU.Build.0 = Release|Any CPU
		{5ABC2725-CF9E-41F2-BFE8-4C4F39D95A24}.Debug|Any CPU.ActiveCfg = Debug|Any CPU
		{5ABC2725-CF9E-41F2-BFE8-4C4F39D95A24}.Debug|Any CPU.Build.0 = Debug|Any CPU
		{5ABC2725-CF9E-41F2-BFE8-4C4F39D95A24}.Release|Any CPU.ActiveCfg = Release|Any CPU
		{5ABC2725-CF9E-41F2-BFE8-4C4F39D95A24}.Release|Any CPU.Build.0 = Release|Any CPU
	EndGlobalSection
	GlobalSection(SolutionProperties) = preSolution
		HideSolutionNode = FALSE
	EndGlobalSection
	GlobalSection(ExtensibilityGlobals) = postSolution
		SolutionGuid = {BB39CFBA-74AE-40BD-8AFD-7DD39926B382}
	EndGlobalSection
EndGlobal
